
Microsoft Visual Studio Solution File, Format Version 12.00
# Visual Studio 14
VisualStudioVersion = 14.0.23107.0
MinimumVisualStudioVersion = 10.0.40219.1
Project("{FAE04EC0-301F-11D3-BF4B-00C04F79EFBC}") = "Sumofint2CEvil", "Sumofint2CEvil\Sumofint2CEvil.csproj", "{1A941169-B483-425B-94D4-C6D1476F3719}"
EndProject
Global
	GlobalSection(SolutionConfigurationPlatforms) = preSolution
		Debug|Any CPU = Debug|Any CPU
		Release|Any CPU = Release|Any CPU
	EndGlobalSection
	GlobalSection(ProjectConfigurationPlatforms) = postSolution
		{1A941169-B483-425B-94D4-C6D1476F3719}.Debug|Any CPU.ActiveCfg = Debug|Any CPU
		{1A941169-B483-425B-94D4-C6D1476F3719}.Debug|Any CPU.Build.0 = Debug|Any CPU
		{1A941169-B483-425B-94D4-C6D1476F3719}.Release|Any CPU.ActiveCfg = Release|Any CPU
		{1A941169-B483-425B-94D4-C6D1476F3719}.Release|Any CPU.Build.0 = Release|Any CPU
	EndGlobalSection
	GlobalSection(SolutionProperties) = preSolution
		HideSolutionNode = FALSE
	EndGlobalSection
EndGlobal
